
Microsoft Visual Studio Solution File, Format Version 12.00
# Visual Studio 15
VisualStudioVersion = 15.0.26430.6
MinimumVisualStudioVersion = 10.0.40219.1
Project("{FAE04EC0-301F-11D3-BF4B-00C04F79EFBC}") = "dotnet-dev-calculator", "dotnet-dev-calculator\dotnet-dev-calculator.csproj", "{E596FDB5-2171-4995-8FCF-5C3508001202}"
EndProject
Project("{FAE04EC0-301F-11D3-BF4B-00C04F79EFBC}") = "Lib", "lib\Lib.csproj", "{A3418F0E-2BEF-46C8-AAC3-49B54A37D402}"
EndProject
Project("{FAE04EC0-301F-11D3-BF4B-00C04F79EFBC}") = "TestProject", "XUnitTestProject\TestProject.csproj", "{31AE3608-BB43-4411-BDA7-CCB4CDAC30F2}"
EndProject
Global
	GlobalSection(SolutionConfigurationPlatforms) = preSolution
		Debug|Any CPU = Debug|Any CPU
		Release|Any CPU = Release|Any CPU
	EndGlobalSection
	GlobalSection(ProjectConfigurationPlatforms) = postSolution
		{E596FDB5-2171-4995-8FCF-5C3508001202}.Debug|Any CPU.ActiveCfg = Debug|Any CPU
		{E596FDB5-2171-4995-8FCF-5C3508001202}.Debug|Any CPU.Build.0 = Debug|Any CPU
		{E596FDB5-2171-4995-8FCF-5C3508001202}.Release|Any CPU.ActiveCfg = Release|Any CPU
		{E596FDB5-2171-4995-8FCF-5C3508001202}.Release|Any CPU.Build.0 = Release|Any CPU
		{A3418F0E-2BEF-46C8-AAC3-49B54A37D402}.Debug|Any CPU.ActiveCfg = Debug|Any CPU
		{A3418F0E-2BEF-46C8-AAC3-49B54A37D402}.Debug|Any CPU.Build.0 = Debug|Any CPU
		{A3418F0E-2BEF-46C8-AAC3-49B54A37D402}.Release|Any CPU.ActiveCfg = Release|Any CPU
		{A3418F0E-2BEF-46C8-AAC3-49B54A37D402}.Release|Any CPU.Build.0 = Release|Any CPU
		{31AE3608-BB43-4411-BDA7-CCB4CDAC30F2}.Debug|Any CPU.ActiveCfg = Debug|Any CPU
		{31AE3608-BB43-4411-BDA7-CCB4CDAC30F2}.Debug|Any CPU.Build.0 = Debug|Any CPU
		{31AE3608-BB43-4411-BDA7-CCB4CDAC30F2}.Release|Any CPU.ActiveCfg = Release|Any CPU
		{31AE3608-BB43-4411-BDA7-CCB4CDAC30F2}.Release|Any CPU.Build.0 = Release|Any CPU
	EndGlobalSection
	GlobalSection(SolutionProperties) = preSolution
		HideSolutionNode = FALSE
	EndGlobalSection
EndGlobal
